github.com/BurntSushi/toml v1.6.0 h1:dRaEfpa2VI55EwlIW72hMRHdWouJeRF7TPYhI+AUQjk=
github.com/BurntSushi/toml v1.6.0/go.mod h1:ukJfTF/6rtPPRCnwkur4qwRxa8vTRFBF0uk2lLoLwho=
github.com/odvcencio/gotreesitter v0.10.0 h1:JqkkMFv8UwWMogr0VEmMMgcv2fllfrMIone7yGfc+ZY=
github.com/odvcencio/gotreesitter v0.10.0/go.mod h1:Sx+iYJBfw5xSWkSttLSuFvguJctlH+ma1BTxZ0MPCqo=
github.com/odvcencio/gotreesitter v0.20.0 h1:Z1I0Pvd+R6Pj7szTFrWw/Ql1dVDn6LAaw6GzsZlUG9I=
github.com/odvcencio/gotreesitter v0.20.0/go.mod h1:hBVkghd0paaYAVwd2087vfwdeU984bQbMo9LvpE0moo=
google.golang.org/protobuf v1.36.11 h1:fV6ZwhNocDyBLK0dj+fg8ektcVegBBuEolpbTQyBNVE=
google.golang.org/protobuf v1.36.11/go.mod h1:HTf+CrKn2C3g5S8VImy6tdcUvCska2kB7j23XfzDpco=
m31labs.dev/arbiter v1.7.0 h1:98Ekg408Bn9WAPSbLYqau0lKxesc9FlMt57hS1ek/ZM=
m31labs.dev/arbiter v1.7.0/go.mod h1:VUoRZSRQUYpwsIaOcklySodfQQWVLJCrJ7XmPAVIyY0=
